// !$*UTF8*$!
{
	archiveVersion = 1;
	classes = {
	};
	objectVersion = 50;
	objects = {

/* Begin PBXBuildFile section */
		BF9FE3B2253743A700FD563A /* UIView+DEBuilder.swift in Sources */ = {isa = PBXBuildFile; fileRef = BF9FE3B1253743A700FD563A /* UIView+DEBuilder.swift */; };
		BF9FE3BC2537483500FD563A /* AppDelegate.swift in Sources */ = {isa = PBXBuildFile; fileRef = BF9FE3BB2537483500FD563A /* AppDelegate.swift */; };
		BFF09094253498AC00EDB30A /* BuilderType.swift in Sources */ = {isa = PBXBuildFile; fileRef = BFF09093253498AC00EDB30A /* BuilderType.swift */; };
		BFF090972534994200EDB30A /* ViewBuilder.swift in Sources */ = {isa = PBXBuildFile; fileRef = BFF090962534994200EDB30A /* ViewBuilder.swift */; };
		BFF0909A25349E9D00EDB30A /* ButtonBuilder.swift in Sources */ = {isa = PBXBuildFile; fileRef = BFF0909925349E9D00EDB30A /* ButtonBuilder.swift */; };
		BFF090A22535CF3200EDB30A /* ControlBuilder.swift in Sources */ = {isa = PBXBuildFile; fileRef = BFF090A12535CF3200EDB30A /* ControlBuilder.swift */; };
		BFF090A62537292800EDB30A /* With.swift in Sources */ = {isa = PBXBuildFile; fileRef = BFF090A52537292800EDB30A /* With.swift */; };
		BFF090A92537293200EDB30A /* NSObject+DEBuilder.swift in Sources */ = {isa = PBXBuildFile; fileRef = BFF090A82537293200EDB30A /* NSObject+DEBuilder.swift */; };
		BFF090AD25372AE400EDB30A /* LabelBuilder.swift in Sources */ = {isa = PBXBuildFile; fileRef = BFF090AC25372AE400EDB30A /* LabelBuilder.swift */; };
		BFF090B025372B1700EDB30A /* ImageViewBuilder.swift in Sources */ = {isa = PBXBuildFile; fileRef = BFF090AF25372B1700EDB30A /* ImageViewBuilder.swift */; };
		BFF090B325372B6800EDB30A /* StackViewBuilder.swift in Sources */ = {isa = PBXBuildFile; fileRef = BFF090B225372B6800EDB30A /* StackViewBuilder.swift */; };
		BFF090B625372B7200EDB30A /* ScrollViewBuilder.swift in Sources */ = {isa = PBXBuildFile; fileRef = BFF090B525372B7200EDB30A /* ScrollViewBuilder.swift */; };
		BFF090BB25372BAC00EDB30A /* ActivityIndicatorViewBuilder.swift in Sources */ = {isa = PBXBuildFile; fileRef = BFF090BA25372BAC00EDB30A /* ActivityIndicatorViewBuilder.swift */; };
		BFF090BE25372BCB00EDB30A /* PickerViewBuilder.swift in Sources */ = {isa = PBXBuildFile; fileRef = BFF090BD25372BCB00EDB30A /* PickerViewBuilder.swift */; };
		BFF090C125372BD300EDB30A /* ProgressViewBuilder.swift in Sources */ = {isa = PBXBuildFile; fileRef = BFF090C025372BD300EDB30A /* ProgressViewBuilder.swift */; };
		BFF090C525372C3600EDB30A /* DatePickerViewBuilder.swift in Sources */ = {isa = PBXBuildFile; fileRef = BFF090C425372C3600EDB30A /* DatePickerViewBuilder.swift */; };
		BFF090C925372C5000EDB30A /* PageControlBuilder.swift in Sources */ = {isa = PBXBuildFile; fileRef = BFF090C825372C5000EDB30A /* PageControlBuilder.swift */; };
		BFF090CC25372C5900EDB30A /* SegmentedControl.swift in Sources */ = {isa = PBXBuildFile; fileRef = BFF090CB25372C5900EDB30A /* SegmentedControl.swift */; };
		BFF090CF25372C6500EDB30A /* SliderBuilder.swift in Sources */ = {isa = PBXBuildFile; fileRef = BFF090CE25372C6500EDB30A /* SliderBuilder.swift */; };
		BFF090D225372C6D00EDB30A /* StepperBuilder.swift in Sources */ = {isa = PBXBuildFile; fileRef = BFF090D125372C6D00EDB30A /* StepperBuilder.swift */; };
		BFF090D525372C7A00EDB30A /* SwitchBuilder.swift in Sources */ = {isa = PBXBuildFile; fileRef = BFF090D425372C7A00EDB30A /* SwitchBuilder.swift */; };
		BFF090D925372C9300EDB30A /* TextFieldBuilder.swift in Sources */ = {isa = PBXBuildFile; fileRef = BFF090D825372C9300EDB30A /* TextFieldBuilder.swift */; };
		BFF090DD25372CA000EDB30A /* TextViewBuilder.swift in Sources */ = {isa = PBXBuildFile; fileRef = BFF090DC25372CA000EDB30A /* TextViewBuilder.swift */; };
		BFF090E125372CC800EDB30A /* SearchTextFieldBuilder.swift in Sources */ = {isa = PBXBuildFile; fileRef = BFF090E025372CC800EDB30A /* SearchTextFieldBuilder.swift */; };
		BFF090E525372D1300EDB30A /* BarButtonItemBuilder.swift in Sources */ = {isa = PBXBuildFile; fileRef = BFF090E425372D1300EDB30A /* BarButtonItemBuilder.swift */; };
		BFF090E825372D2C00EDB30A /* NavigationBarBuilder.swift in Sources */ = {isa = PBXBuildFile; fileRef = BFF090E725372D2C00EDB30A /* NavigationBarBuilder.swift */; };
		BFF090EB25372D3300EDB30A /* SearchBarBuilder.swift in Sources */ = {isa = PBXBuildFile; fileRef = BFF090EA25372D3300EDB30A /* SearchBarBuilder.swift */; };
		BFF090EE25372D3D00EDB30A /* ToolbarBuilder.swift in Sources */ = {isa = PBXBuildFile; fileRef = BFF090ED25372D3D00EDB30A /* ToolbarBuilder.swift */; };
		BFF090F125372D5600EDB30A /* TabBarBuilder.swift in Sources */ = {isa = PBXBuildFile; fileRef = BFF090F025372D5600EDB30A /* TabBarBuilder.swift */; };
/* End PBXBuildFile section */

/* Begin PBXFileReference section */
		BF9FE3B1253743A700FD563A /* UIView+DEBuilder.swift */ = {isa = PBXFileReference; lastKnownFileType = sourcecode.swift; path = "UIView+DEBuilder.swift"; sourceTree = "<group>"; };
		BF9FE3BB2537483500FD563A /* AppDelegate.swift */ = {isa = PBXFileReference; fileEncoding = 4; lastKnownFileType = sourcecode.swift; path = AppDelegate.swift; sourceTree = "<group>"; };
		BFF090752534972800EDB30A /* DEBuilder.app */ = {isa = PBXFileReference; explicitFileType = wrapper.application; includeInIndex = 0; path = DEBuilder.app; sourceTree = BUILT_PRODUCTS_DIR; };
		BFF090862534972B00EDB30A /* Info.plist */ = {isa = PBXFileReference; lastKnownFileType = text.plist.xml; path = Info.plist; sourceTree = "<group>"; };
		BFF09093253498AC00EDB30A /* BuilderType.swift */ = {isa = PBXFileReference; lastKnownFileType = sourcecode.swift; path = BuilderType.swift; sourceTree = "<group>"; };
		BFF090962534994200EDB30A /* ViewBuilder.swift */ = {isa = PBXFileReference; lastKnownFileType = sourcecode.swift; path = ViewBuilder.swift; sourceTree = "<group>"; };
		BFF0909925349E9D00EDB30A /* ButtonBuilder.swift */ = {isa = PBXFileReference; lastKnownFileType = sourcecode.swift; path = ButtonBuilder.swift; sourceTree = "<group>"; };
		BFF090A12535CF3200EDB30A /* ControlBuilder.swift */ = {isa = PBXFileReference; lastKnownFileType = sourcecode.swift; path = ControlBuilder.swift; sourceTree = "<group>"; };
		BFF090A52537292800EDB30A /* With.swift */ = {isa = PBXFileReference; lastKnownFileType = sourcecode.swift; path = With.swift; sourceTree = "<group>"; };
		BFF090A82537293200EDB30A /* NSObject+DEBuilder.swift */ = {isa = PBXFileReference; lastKnownFileType = sourcecode.swift; path = "NSObject+DEBuilder.swift"; sourceTree = "<group>"; };
		BFF090AC25372AE400EDB30A /* LabelBuilder.swift */ = {isa = PBXFileReference; lastKnownFileType = sourcecode.swift; path = LabelBuilder.swift; sourceTree = "<group>"; };
		BFF090AF25372B1700EDB30A /* ImageViewBuilder.swift */ = {isa = PBXFileReference; lastKnownFileType = sourcecode.swift; path = ImageViewBuilder.swift; sourceTree = "<group>"; };
		BFF090B225372B6800EDB30A /* StackViewBuilder.swift */ = {isa = PBXFileReference; lastKnownFileType = sourcecode.swift; path = StackViewBuilder.swift; sourceTree = "<group>"; };
		BFF090B525372B7200EDB30A /* ScrollViewBuilder.swift */ = {isa = PBXFileReference; lastKnownFileType = sourcecode.swift; path = ScrollViewBuilder.swift; sourceTree = "<group>"; };
		BFF090BA25372BAC00EDB30A /* ActivityIndicatorViewBuilder.swift */ = {isa = PBXFileReference; lastKnownFileType = sourcecode.swift; path = ActivityIndicatorViewBuilder.swift; sourceTree = "<group>"; };
		BFF090BD25372BCB00EDB30A /* PickerViewBuilder.swift */ = {isa = PBXFileReference; lastKnownFileType = sourcecode.swift; path = PickerViewBuilder.swift; sourceTree = "<group>"; };
		BFF090C025372BD300EDB30A /* ProgressViewBuilder.swift */ = {isa = PBXFileReference; lastKnownFileType = sourcecode.swift; path = ProgressViewBuilder.swift; sourceTree = "<group>"; };
		BFF090C425372C3600EDB30A /* DatePickerViewBuilder.swift */ = {isa = PBXFileReference; lastKnownFileType = sourcecode.swift; path = DatePickerViewBuilder.swift; sourceTree = "<group>"; };
		BFF090C825372C5000EDB30A /* PageControlBuilder.swift */ = {isa = PBXFileReference; lastKnownFileType = sourcecode.swift; path = PageControlBuilder.swift; sourceTree = "<group>"; };
		BFF090CB25372C5900EDB30A /* SegmentedControl.swift */ = {isa = PBXFileReference; lastKnownFileType = sourcecode.swift; path = SegmentedControl.swift; sourceTree = "<group>"; };
		BFF090CE25372C6500EDB30A /* SliderBuilder.swift */ = {isa = PBXFileReference; lastKnownFileType = sourcecode.swift; path = SliderBuilder.swift; sourceTree = "<group>"; };
		BFF090D125372C6D00EDB30A /* StepperBuilder.swift */ = {isa = PBXFileReference; lastKnownFileType = sourcecode.swift; path = StepperBuilder.swift; sourceTree = "<group>"; };
		BFF090D425372C7A00EDB30A /* SwitchBuilder.swift */ = {isa = PBXFileReference; lastKnownFileType = sourcecode.swift; path = SwitchBuilder.swift; sourceTree = "<group>"; };
		BFF090D825372C9300EDB30A /* TextFieldBuilder.swift */ = {isa = PBXFileReference; lastKnownFileType = sourcecode.swift; path = TextFieldBuilder.swift; sourceTree = "<group>"; };
		BFF090DC25372CA000EDB30A /* TextViewBuilder.swift */ = {isa = PBXFileReference; lastKnownFileType = sourcecode.swift; path = TextViewBuilder.swift; sourceTree = "<group>"; };
		BFF090E025372CC800EDB30A /* SearchTextFieldBuilder.swift */ = {isa = PBXFileReference; lastKnownFileType = sourcecode.swift; path = SearchTextFieldBuilder.swift; sourceTree = "<group>"; };
		BFF090E425372D1300EDB30A /* BarButtonItemBuilder.swift */ = {isa = PBXFileReference; lastKnownFileType = sourcecode.swift; path = BarButtonItemBuilder.swift; sourceTree = "<group>"; };
		BFF090E725372D2C00EDB30A /* NavigationBarBuilder.swift */ = {isa = PBXFileReference; lastKnownFileType = sourcecode.swift; path = NavigationBarBuilder.swift; sourceTree = "<group>"; };
		BFF090EA25372D3300EDB30A /* SearchBarBuilder.swift */ = {isa = PBXFileReference; lastKnownFileType = sourcecode.swift; path = SearchBarBuilder.swift; sourceTree = "<group>"; };
		BFF090ED25372D3D00EDB30A /* ToolbarBuilder.swift */ = {isa = PBXFileReference; lastKnownFileType = sourcecode.swift; path = ToolbarBuilder.swift; sourceTree = "<group>"; };
		BFF090F025372D5600EDB30A /* TabBarBuilder.swift */ = {isa = PBXFileReference; lastKnownFileType = sourcecode.swift; path = TabBarBuilder.swift; sourceTree = "<group>"; };
/* End PBXFileReference section */

/* Begin PBXFrameworksBuildPhase section */
		BFF090722534972800EDB30A /* Frameworks */ = {
			isa = PBXFrameworksBuildPhase;
			buildActionMask = 2147483647;
			files = (
			);
			runOnlyForDeploymentPostprocessing = 0;
		};
/* End PBXFrameworksBuildPhase section */

/* Begin PBXGroup section */
		BFF0906C2534972800EDB30A = {
			isa = PBXGroup;
			children = (
				BFF090772534972800EDB30A /* DEBuilder */,
				BFF090762534972800EDB30A /* Products */,
			);
			sourceTree = "<group>";
		};
		BFF090762534972800EDB30A /* Products */ = {
			isa = PBXGroup;
			children = (
				BFF090752534972800EDB30A /* DEBuilder.app */,
			);
			name = Products;
			sourceTree = "<group>";
		};
		BFF090772534972800EDB30A /* DEBuilder */ = {
			isa = PBXGroup;
			children = (
				BF9FE3BB2537483500FD563A /* AppDelegate.swift */,
				BFF090862534972B00EDB30A /* Info.plist */,
				BFF0909C25349EE600EDB30A /* Builder */,
				BFF0909D25349EEF00EDB30A /* Extension */,
				BFF090F425373E8B00EDB30A /* Protocol */,
			);
			path = DEBuilder;
			sourceTree = "<group>";
		};
		BFF0909C25349EE600EDB30A /* Builder */ = {
			isa = PBXGroup;
			children = (
				BFF090E325372CD200EDB30A /* Bars */,
				BFF090B825372B8400EDB30A /* Container Views */,
				BFF090B925372B9400EDB30A /* Content Views */,
				BFF090C325372BDE00EDB30A /* Controls */,
				BFF090DF25372CB000EDB30A /* Search Field */,
				BFF090D725372C7E00EDB30A /* Text Views */,
				BFF090962534994200EDB30A /* ViewBuilder.swift */,
			);
			path = Builder;
			sourceTree = "<group>";
		};
		BFF0909D25349EEF00EDB30A /* Extension */ = {
			isa = PBXGroup;
			children = (
				BFF090A82537293200EDB30A /* NSObject+DEBuilder.swift */,
				BF9FE3B1253743A700FD563A /* UIView+DEBuilder.swift */,
			);
			path = Extension;
			sourceTree = "<group>";
		};
		BFF090B825372B8400EDB30A /* Container Views */ = {
			isa = PBXGroup;
			children = (
				BFF090B225372B6800EDB30A /* StackViewBuilder.swift */,
				BFF090B525372B7200EDB30A /* ScrollViewBuilder.swift */,
			);
			path = "Container Views";
			sourceTree = "<group>";
		};
		BFF090B925372B9400EDB30A /* Content Views */ = {
			isa = PBXGroup;
			children = (
				BFF090BA25372BAC00EDB30A /* ActivityIndicatorViewBuilder.swift */,
				BFF090AF25372B1700EDB30A /* ImageViewBuilder.swift */,
				BFF090BD25372BCB00EDB30A /* PickerViewBuilder.swift */,
				BFF090C025372BD300EDB30A /* ProgressViewBuilder.swift */,
			);
			path = "Content Views";
			sourceTree = "<group>";
		};
		BFF090C325372BDE00EDB30A /* Controls */ = {
			isa = PBXGroup;
			children = (
				BFF090A12535CF3200EDB30A /* ControlBuilder.swift */,
				BFF0909925349E9D00EDB30A /* ButtonBuilder.swift */,
				BFF090C425372C3600EDB30A /* DatePickerViewBuilder.swift */,
				BFF090C825372C5000EDB30A /* PageControlBuilder.swift */,
				BFF090CB25372C5900EDB30A /* SegmentedControl.swift */,
				BFF090CE25372C6500EDB30A /* SliderBuilder.swift */,
				BFF090D125372C6D00EDB30A /* StepperBuilder.swift */,
				BFF090D425372C7A00EDB30A /* SwitchBuilder.swift */,
			);
			path = Controls;
			sourceTree = "<group>";
		};
		BFF090D725372C7E00EDB30A /* Text Views */ = {
			isa = PBXGroup;
			children = (
				BFF090AC25372AE400EDB30A /* LabelBuilder.swift */,
				BFF090D825372C9300EDB30A /* TextFieldBuilder.swift */,
				BFF090DC25372CA000EDB30A /* TextViewBuilder.swift */,
			);
			path = "Text Views";
			sourceTree = "<group>";
		};
		BFF090DF25372CB000EDB30A /* Search Field */ = {
			isa = PBXGroup;
			children = (
				BFF090E025372CC800EDB30A /* SearchTextFieldBuilder.swift */,
			);
			path = "Search Field";
			sourceTree = "<group>";
		};
		BFF090E325372CD200EDB30A /* Bars */ = {
			isa = PBXGroup;
			children = (
				BFF090E425372D1300EDB30A /* BarButtonItemBuilder.swift */,
				BFF090E725372D2C00EDB30A /* NavigationBarBuilder.swift */,
				BFF090EA25372D3300EDB30A /* SearchBarBuilder.swift */,
				BFF090F025372D5600EDB30A /* TabBarBuilder.swift */,
				BFF090ED25372D3D00EDB30A /* ToolbarBuilder.swift */,
			);
			path = Bars;
			sourceTree = "<group>";
		};
		BFF090F425373E8B00EDB30A /* Protocol */ = {
			isa = PBXGroup;
			children = (
				BFF090A52537292800EDB30A /* With.swift */,
				BFF09093253498AC00EDB30A /* BuilderType.swift */,
			);
			path = Protocol;
			sourceTree = "<group>";
		};
/* End PBXGroup section */

/* Begin PBXNativeTarget section */
		BFF090742534972800EDB30A /* DEBuilder */ = {
			isa = PBXNativeTarget;
			buildConfigurationList = BFF090892534972B00EDB30A /* Build configuration list for PBXNativeTarget "DEBuilder" */;
			buildPhases = (
				BFF090712534972800EDB30A /* Sources */,
				BFF090722534972800EDB30A /* Frameworks */,
				BFF090732534972800EDB30A /* Resources */,
			);
			buildRules = (
			);
			dependencies = (
			);
			name = DEBuilder;
			productName = DEBuilder;
			productReference = BFF090752534972800EDB30A /* DEBuilder.app */;
			productType = "com.apple.product-type.application";
		};
/* End PBXNativeTarget section */

/* Begin PBXProject section */
		BFF0906D2534972800EDB30A /* Project object */ = {
			isa = PBXProject;
			attributes = {
				LastSwiftUpdateCheck = 1200;
				LastUpgradeCheck = 1200;
				TargetAttributes = {
					BFF090742534972800EDB30A = {
						CreatedOnToolsVersion = 12.0.1;
					};
				};
			};
			buildConfigurationList = BFF090702534972800EDB30A /* Build configuration list for PBXProject "DEBuilder" */;
			compatibilityVersion = "Xcode 9.3";
			developmentRegion = en;
			hasScannedForEncodings = 0;
			knownRegions = (
				en,
				Base,
			);
			mainGroup = BFF0906C2534972800EDB30A;
			productRefGroup = BFF090762534972800EDB30A /* Products */;
			projectDirPath = "";
			projectRoot = "";
			targets = (
				BFF090742534972800EDB30A /* DEBuilder */,
			);
		};
/* End PBXProject section */

/* Begin PBXResourcesBuildPhase section */
		BFF090732534972800EDB30A /* Resources */ = {
			isa = PBXResourcesBuildPhase;
			buildActionMask = 2147483647;
			files = (
			);
			runOnlyForDeploymentPostprocessing = 0;
		};
/* End PBXResourcesBuildPhase section */

/* Begin PBXSourcesBuildPhase section */
		BFF090712534972800EDB30A /* Sources */ = {
			isa = PBXSourcesBuildPhase;
			buildActionMask = 2147483647;
			files = (
				BFF090EE25372D3D00EDB30A /* ToolbarBuilder.swift in Sources */,
				BFF090A22535CF3200EDB30A /* ControlBuilder.swift in Sources */,
				BFF090D925372C9300EDB30A /* TextFieldBuilder.swift in Sources */,
				BFF090B325372B6800EDB30A /* StackViewBuilder.swift in Sources */,
				BF9FE3BC2537483500FD563A /* AppDelegate.swift in Sources */,
				BFF090A62537292800EDB30A /* With.swift in Sources */,
				BFF090BB25372BAC00EDB30A /* ActivityIndicatorViewBuilder.swift in Sources */,
				BFF090CF25372C6500EDB30A /* SliderBuilder.swift in Sources */,
				BFF090C525372C3600EDB30A /* DatePickerViewBuilder.swift in Sources */,
				BFF090C125372BD300EDB30A /* ProgressViewBuilder.swift in Sources */,
				BFF090EB25372D3300EDB30A /* SearchBarBuilder.swift in Sources */,
				BFF0909A25349E9D00EDB30A /* ButtonBuilder.swift in Sources */,
				BFF090C925372C5000EDB30A /* PageControlBuilder.swift in Sources */,
				BFF090F125372D5600EDB30A /* TabBarBuilder.swift in Sources */,
				BFF090B025372B1700EDB30A /* ImageViewBuilder.swift in Sources */,
				BF9FE3B2253743A700FD563A /* UIView+DEBuilder.swift in Sources */,
				BFF090E525372D1300EDB30A /* BarButtonItemBuilder.swift in Sources */,
				BFF090AD25372AE400EDB30A /* LabelBuilder.swift in Sources */,
				BFF090A92537293200EDB30A /* NSObject+DEBuilder.swift in Sources */,
				BFF090CC25372C5900EDB30A /* SegmentedControl.swift in Sources */,
				BFF09094253498AC00EDB30A /* BuilderType.swift in Sources */,
				BFF090E825372D2C00EDB30A /* NavigationBarBuilder.swift in Sources */,
				BFF090E125372CC800EDB30A /* SearchTextFieldBuilder.swift in Sources */,
				BFF090D525372C7A00EDB30A /* SwitchBuilder.swift in Sources */,
				BFF090BE25372BCB00EDB30A /* PickerViewBuilder.swift in Sources */,
				BFF090972534994200EDB30A /* ViewBuilder.swift in Sources */,
				BFF090DD25372CA000EDB30A /* TextViewBuilder.swift in Sources */,
				BFF090D225372C6D00EDB30A /* StepperBuilder.swift in Sources */,
				BFF090B625372B7200EDB30A /* ScrollViewBuilder.swift in Sources */,
			);
			runOnlyForDeploymentPostprocessing = 0;
		};
/* End PBXSourcesBuildPhase section */

/* Begin XCBuildConfiguration section */
		BFF090872534972B00EDB30A /* Debug */ = {
			isa = XCBuildConfiguration;
			buildSettings = {
				ALWAYS_SEARCH_USER_PATHS = NO;
				CLANG_ANALYZER_NONNULL = YES;
				CLANG_ANALYZER_NUMBER_OBJECT_CONVERSION = YES_AGGRESSIVE;
				CLANG_CXX_LANGUAGE_STANDARD = "gnu++14";
				CLANG_CXX_LIBRARY = "libc++";
				CLANG_ENABLE_MODULES = YES;
				CLANG_ENABLE_OBJC_ARC = YES;
				CLANG_ENABLE_OBJC_WEAK = YES;
				CLANG_WARN_BLOCK_CAPTURE_AUTORELEASING = YES;
				CLANG_WARN_BOOL_CONVERSION = YES;
				CLANG_WARN_COMMA = YES;
				CLANG_WARN_CONSTANT_CONVERSION = YES;
				CLANG_WARN_DEPRECATED_OBJC_IMPLEMENTATIONS = YES;
				CLANG_WARN_DIRECT_OBJC_ISA_USAGE = YES_ERROR;
				CLANG_WARN_DOCUMENTATION_COMMENTS = YES;
				CLANG_WARN_EMPTY_BODY = YES;
				CLANG_WARN_ENUM_CONVERSION = YES;
				CLANG_WARN_INFINITE_RECURSION = YES;
				CLANG_WARN_INT_CONVERSION = YES;
				CLANG_WARN_NON_LITERAL_NULL_CONVERSION = YES;
				CLANG_WARN_OBJC_IMPLICIT_RETAIN_SELF = YES;
				CLANG_WARN_OBJC_LITERAL_CONVERSION = YES;
				CLANG_WARN_OBJC_ROOT_CLASS = YES_ERROR;
				CLANG_WARN_QUOTED_INCLUDE_IN_FRAMEWORK_HEADER = YES;
				CLANG_WARN_RANGE_LOOP_ANALYSIS = YES;
				CLANG_WARN_STRICT_PROTOTYPES = YES;
				CLANG_WARN_SUSPICIOUS_MOVE = YES;
				CLANG_WARN_UNGUARDED_AVAILABILITY = YES_AGGRESSIVE;
				CLANG_WARN_UNREACHABLE_CODE = YES;
				CLANG_WARN__DUPLICATE_METHOD_MATCH = YES;
				COPY_PHASE_STRIP = NO;
				DEBUG_INFORMATION_FORMAT = dwarf;
				ENABLE_STRICT_OBJC_MSGSEND = YES;
				ENABLE_TESTABILITY = YES;
				GCC_C_LANGUAGE_STANDARD = gnu11;
				GCC_DYNAMIC_NO_PIC = NO;
				GCC_NO_COMMON_BLOCKS = YES;
				GCC_OPTIMIZATION_LEVEL = 0;
				GCC_PREPROCESSOR_DEFINITIONS = (
					"DEBUG=1",
					"$(inherited)",
				);
				GCC_WARN_64_TO_32_BIT_CONVERSION = YES;
				GCC_WARN_ABOUT_RETURN_TYPE = YES_ERROR;
				GCC_WARN_UNDECLARED_SELECTOR = YES;
				GCC_WARN_UNINITIALIZED_AUTOS = YES_AGGRESSIVE;
				GCC_WARN_UNUSED_FUNCTION = YES;
				GCC_WARN_UNUSED_VARIABLE = YES;
				IPHONEOS_DEPLOYMENT_TARGET = 9.0;
				MTL_ENABLE_DEBUG_INFO = INCLUDE_SOURCE;
				MTL_FAST_MATH = YES;
				ONLY_ACTIVE_ARCH = YES;
				SDKROOT = iphoneos;
				SWIFT_ACTIVE_COMPILATION_CONDITIONS = DEBUG;
				SWIFT_OPTIMIZATION_LEVEL = "-Onone";
			};
			name = Debug;
		};
		BFF090882534972B00EDB30A /* Release */ = {
			isa = XCBuildConfiguration;
			buildSettings = {
				ALWAYS_SEARCH_USER_PATHS = NO;
				CLANG_ANALYZER_NONNULL = YES;
				CLANG_ANALYZER_NUMBER_OBJECT_CONVERSION = YES_AGGRESSIVE;
				CLANG_CXX_LANGUAGE_STANDARD = "gnu++14";
				CLANG_CXX_LIBRARY = "libc++";
				CLANG_ENABLE_MODULES = YES;
				CLANG_ENABLE_OBJC_ARC = YES;
				CLANG_ENABLE_OBJC_WEAK = YES;
				CLANG_WARN_BLOCK_CAPTURE_AUTORELEASING = YES;
				CLANG_WARN_BOOL_CONVERSION = YES;
				CLANG_WARN_COMMA = YES;
				CLANG_WARN_CONSTANT_CONVERSION = YES;
				CLANG_WARN_DEPRECATED_OBJC_IMPLEMENTATIONS = YES;
				CLANG_WARN_DIRECT_OBJC_ISA_USAGE = YES_ERROR;
				CLANG_WARN_DOCUMENTATION_COMMENTS = YES;
				CLANG_WARN_EMPTY_BODY = YES;
				CLANG_WARN_ENUM_CONVERSION = YES;
				CLANG_WARN_INFINITE_RECURSION = YES;
				CLANG_WARN_INT_CONVERSION = YES;
				CLANG_WARN_NON_LITERAL_NULL_CONVERSION = YES;
				CLANG_WARN_OBJC_IMPLICIT_RETAIN_SELF = YES;
				CLANG_WARN_OBJC_LITERAL_CONVERSION = YES;
				CLANG_WARN_OBJC_ROOT_CLASS = YES_ERROR;
				CLANG_WARN_QUOTED_INCLUDE_IN_FRAMEWORK_HEADER = YES;
				CLANG_WARN_RANGE_LOOP_ANALYSIS = YES;
				CLANG_WARN_STRICT_PROTOTYPES = YES;
				CLANG_WARN_SUSPICIOUS_MOVE = YES;
				CLANG_WARN_UNGUARDED_AVAILABILITY = YES_AGGRESSIVE;
				CLANG_WARN_UNREACHABLE_CODE = YES;
				CLANG_WARN__DUPLICATE_METHOD_MATCH = YES;
				COPY_PHASE_STRIP = NO;
				DEBUG_INFORMATION_FORMAT = "dwarf-with-dsym";
				ENABLE_NS_ASSERTIONS = NO;
				ENABLE_STRICT_OBJC_MSGSEND = YES;
				GCC_C_LANGUAGE_STANDARD = gnu11;
				GCC_NO_COMMON_BLOCKS = YES;
				GCC_WARN_64_TO_32_BIT_CONVERSION = YES;
				GCC_WARN_ABOUT_RETURN_TYPE = YES_ERROR;
				GCC_WARN_UNDECLARED_SELECTOR = YES;
				GCC_WARN_UNINITIALIZED_AUTOS = YES_AGGRESSIVE;
				GCC_WARN_UNUSED_FUNCTION = YES;
				GCC_WARN_UNUSED_VARIABLE = YES;
				IPHONEOS_DEPLOYMENT_TARGET = 9.0;
				MTL_ENABLE_DEBUG_INFO = NO;
				MTL_FAST_MATH = YES;
				SDKROOT = iphoneos;
				SWIFT_COMPILATION_MODE = wholemodule;
				SWIFT_OPTIMIZATION_LEVEL = "-O";
				VALIDATE_PRODUCT = YES;
			};
			name = Release;
		};
		BFF0908A2534972B00EDB30A /* Debug */ = {
			isa = XCBuildConfiguration;
			buildSettings = {
				ASSETCATALOG_COMPILER_GLOBAL_ACCENT_COLOR_NAME = AccentColor;
				CODE_SIGN_STYLE = Automatic;
				DEVELOPMENT_TEAM = VY4FNTH9C6;
				INFOPLIST_FILE = DEBuilder/Info.plist;
				LD_RUNPATH_SEARCH_PATHS = (
					"$(inherited)",
					"@executable_path/Frameworks",
				);
				MARKETING_VERSION = 0.1;
				PRODUCT_BUNDLE_IDENTIFIER = daeun28.DEBuilder;
				PRODUCT_NAME = "$(TARGET_NAME)";
				SWIFT_VERSION = 4.0;
				TARGETED_DEVICE_FAMILY = "1,2";
			};
			name = Debug;
		};
		BFF0908B2534972B00EDB30A /* Release */ = {
			isa = XCBuildConfiguration;
			buildSettings = {
				ASSETCATALOG_COMPILER_GLOBAL_ACCENT_COLOR_NAME = AccentColor;
				CODE_SIGN_STYLE = Automatic;
				DEVELOPMENT_TEAM = VY4FNTH9C6;
				INFOPLIST_FILE = DEBuilder/Info.plist;
				LD_RUNPATH_SEARCH_PATHS = (
					"$(inherited)",
					"@executable_path/Frameworks",
				);
				MARKETING_VERSION = 0.1;
				PRODUCT_BUNDLE_IDENTIFIER = daeun28.DEBuilder;
				PRODUCT_NAME = "$(TARGET_NAME)";
				SWIFT_VERSION = 4.0;
				TARGETED_DEVICE_FAMILY = "1,2";
			};
			name = Release;
		};
/* End XCBuildConfiguration section */

/* Begin XCConfigurationList section */
		BFF090702534972800EDB30A /* Build configuration list for PBXProject "DEBuilder" */ = {
			isa = XCConfigurationList;
			buildConfigurations = (
				BFF090872534972B00EDB30A /* Debug */,
				BFF090882534972B00EDB30A /* Release */,
			);
			defaultConfigurationIsVisible = 0;
			defaultConfigurationName = Release;
		};
		BFF090892534972B00EDB30A /* Build configuration list for PBXNativeTarget "DEBuilder" */ = {
			isa = XCConfigurationList;
			buildConfigurations = (
				BFF0908A2534972B00EDB30A /* Debug */,
				BFF0908B2534972B00EDB30A /* Release */,
			);
			defaultConfigurationIsVisible = 0;
			defaultConfigurationName = Release;
		};
/* End XCConfigurationList section */
	};
	rootObject = BFF0906D2534972800EDB30A /* Project object */;
}
